{
    "_readme": [
        "This file locks the dependencies of your project to a known state",
        "Read more about it at https://getcomposer.org/doc/01-basic-usage.md#installing-dependencies",
        "This file is @generated automatically"
    ],
    "content-hash": "59e39267c0b3666a16cc52d34fd4949b",
    "packages": [
        {
            "name": "apimatic/jsonmapper",
            "version": "v1.3.1",
            "source": {
                "type": "git",
                "url": "https://github.com/apimatic/jsonmapper.git",
                "reference": "0883d385653ebd2a194ec79e66facb7d69441404"
            },
            "dist": {
                "type": "zip",
                "url": "https://api.github.com/repos/apimatic/jsonmapper/zipball/0883d385653ebd2a194ec79e66facb7d69441404",
                "reference": "0883d385653ebd2a194ec79e66facb7d69441404",
                "shasum": ""
            },
            "require-dev": {
                "phpunit/phpunit": "^5 || ^6 || ^7",
                "squizlabs/php_codesniffer": "^3"
            },
            "type": "library",
            "autoload": {
                "psr-4": {
                    "apimatic\\jsonmapper\\": "src/"
                }
            },
            "notification-url": "https://packagist.org/downloads/",
            "license": [
                "OSL-3.0"
            ],
            "authors": [
                {
                    "name": "Christian Weiske",
                    "email": "christian.weiske@netresearch.de",
                    "homepage": "http://www.netresearch.de/",
                    "role": "Developer"
                },
                {
                    "name": "Mehdi Jaffery",
                    "email": "mehdi.jaffery@apimatic.io",
                    "homepage": "http://apimatic.io/",
                    "role": "Developer"
                }
            ],
            "description": "Map nested JSON structures onto PHP classes",
            "time": "2020-04-06T20:47:48+00:00"
        },
        {
            "name": "bandwidth/sdk",
            "version": "v2.11.0",
            "source": {
                "type": "git",
                "url": "https://github.com/Bandwidth/php-sdk.git",
                "reference": "3ee2b0c7146bcccb66f7d3c16c9404eb71c3d1d4"
            },
            "dist": {
                "type": "zip",
                "url": "https://api.github.com/repos/Bandwidth/php-sdk/zipball/3ee2b0c7146bcccb66f7d3c16c9404eb71c3d1d4",
                "reference": "3ee2b0c7146bcccb66f7d3c16c9404eb71c3d1d4",
                "shasum": ""
            },
            "require": {
                "apimatic/jsonmapper": "~1.3.0",
                "ext-curl": "*",
                "ext-json": "*",
                "ext-mbstring": "*",
                "ext-simplexml": "*",
                "mashape/unirest-php": "~3.0.1",
                "php": ">=5.4.0"
            },
            "require-dev": {
                "phan/phan": "^1.2",
                "squizlabs/php_codesniffer": "^2.7"
            },
            "type": "library",
            "autoload": {
                "psr-4": {
                    "BandwidthLib\\": "src/"
                }
            },
            "notification-url": "https://packagist.org/downloads/",
            "license": [
                "MIT"
            ],
            "authors": [
                {
                    "name": "APIMatic SDK Generator",
                    "email": "support@apimatic.io",
                    "homepage": "https://apimatic.io",
                    "role": "API Tool"
                }
            ],
            "description": "Bandwidth's set of APIs",
            "homepage": "https://github.com/bandwidth/php-sdk",
            "keywords": [
                "api",
                "bandwidth",
                "sdk"
            ],
            "time": "2020-08-25T19:42:39+00:00"
        },
        {
            "name": "mashape/unirest-php",
            "version": "v3.0.4",
            "source": {
                "type": "git",
                "url": "https://github.com/Mashape/unirest-php.git",
                "reference": "842c0f242dfaaf85f16b72e217bf7f7c19ab12cb"
            },
            "dist": {
                "type": "zip",
                "url": "https://api.github.com/repos/Mashape/unirest-php/zipball/842c0f242dfaaf85f16b72e217bf7f7c19ab12cb",
                "reference": "842c0f242dfaaf85f16b72e217bf7f7c19ab12cb",
                "shasum": ""
            },
            "require": {
                "ext-curl": "*",
                "php": ">=5.4.0"
            },
            "require-dev": {
                "codeclimate/php-test-reporter": "0.1.*",
                "phpunit/phpunit": "~4.4"
            },
            "suggest": {
                "ext-json": "Allows using JSON Bodies for sending and parsing requests"
            },
            "type": "library",
            "autoload": {
                "psr-0": {
                    "Unirest\\": "src/"
                }
            },
            "notification-url": "https://packagist.org/downloads/",
            "license": [
                "MIT"
            ],
            "description": "Unirest PHP",
            "homepage": "https://github.com/Mashape/unirest-php",
            "keywords": [
                "client",
                "curl",
                "http",
                "https",
                "rest"
            ],
            "time": "2016-08-11T17:49:21+00:00"
        }
    ],
    "packages-dev": [],
    "aliases": [],
    "minimum-stability": "stable",
    "stability-flags": [],
    "prefer-stable": false,
    "prefer-lowest": false,
    "platform": [],
    "platform-dev": [],
    "plugin-api-version": "1.1.0"
}
