
Microsoft Visual Studio Solution File, Format Version 12.00
# Visual Studio Version 16
VisualStudioVersion = 16.0.29209.62
MinimumVisualStudioVersion = 10.0.40219.1
Project("{FAE04EC0-301F-11D3-BF4B-00C04F79EFBC}") = "BoilerPlate", "BoilerPlate\BoilerPlate.csproj", "{2614F0EB-7245-4DCD-9B4D-0960FD7661A5}"
EndProject
Global
	GlobalSection(SolutionConfigurationPlatforms) = preSolution
		Debug|Any CPU = Debug|Any CPU
		Release|Any CPU = Release|Any CPU
	EndGlobalSection
	GlobalSection(ProjectConfigurationPlatforms) = postSolution
		{2614F0EB-7245-4DCD-9B4D-0960FD7661A5}.Debug|Any CPU.ActiveCfg = Debug|Any CPU
		{2614F0EB-7245-4DCD-9B4D-0960FD7661A5}.Debug|Any CPU.Build.0 = Debug|Any CPU
		{2614F0EB-7245-4DCD-9B4D-0960FD7661A5}.Release|Any CPU.ActiveCfg = Release|Any CPU
		{2614F0EB-7245-4DCD-9B4D-0960FD7661A5}.Release|Any CPU.Build.0 = Release|Any CPU
	EndGlobalSection
	GlobalSection(SolutionProperties) = preSolution
		HideSolutionNode = FALSE
	EndGlobalSection
	GlobalSection(ExtensibilityGlobals) = postSolution
		SolutionGuid = {732F542B-D84A-41CD-982B-7BBA4663D691}
	EndGlobalSection
EndGlobal
